schema: '2.0'
stages:
  train:
    cmd: ./.venv/bin/python scripts/train_model.py --params params.yaml
    deps:
    - path: data/splits/eval.csv
      hash: md5
      md5: db2fa252fb57f512814dfa8e63a29ead
      size: 11854
    - path: data/splits/train.csv
      hash: md5
      md5: bf292e3eec1ab27a1f7df938d5768cfd
      size: 54653
    - path: params.yaml
      hash: md5
      md5: 9a5248af83da6e082929d31d79bd8d6a
      size: 1234
    - path: scripts/train_model.py
      hash: md5
      md5: dd7e46b75fcbe6dae91e0e663f2bef83
      size: 6975
    - path: src/wine_quality_epml/experiments/tracking.py
      hash: md5
      md5: 706ca80f6dd3d9cf52218abc1ea57806
      size: 2076
    params:
      params.yaml:
        train:
          seed: 42
          target_col: quality
          id_col: Id
          paths:
            train: data/splits/train.csv
            eval: data/splits/eval.csv
            test: data/splits/test.csv
            model: models/exp_model.pkl
            meta: models/exp_model_meta.json
            train_eval_metrics: reports/train_eval_metrics.json
            test_metrics: reports/test_metrics.json
            predictions: reports/predictions.csv
            test_predictions: reports/test_predictions.csv
          model_type: gbr
          standardize: false
          linear:
            fit_intercept: true
          ridge:
            alpha: 10.0
          lasso:
            alpha: 0.01
          elasticnet:
            alpha: 0.01
            l1_ratio: 0.2
          svr:
            kernel: rbf
            c: 10.0
            epsilon: 0.1
            gamma: scale
          knn:
            n_neighbors: 15
            weights: distance
          rf:
            n_estimators: 1500
            max_depth: 20
            min_samples_split: 2
            random_state: 42
          extra_trees:
            n_estimators: 1500
            max_depth: 7
            min_samples_split: 2
            random_state: 42
          gbr:
            n_estimators: 300
            learning_rate: 0.05
            max_depth: 3
            random_state: 42
          hgb:
            max_iter: 400
            learning_rate: 0.05
            max_depth: 6
            random_state: 42
    outs:
    - path: models/exp_model.pkl
      hash: md5
      md5: ea014517a09a9dff14cc136454945d5b
      size: 360106
    - path: models/exp_model_meta.json
      hash: md5
      md5: f89351fc965eb3bb9f61a8df63a01a47
      size: 653
    - path: reports/predictions.csv
      hash: md5
      md5: 9e1088d69c54342977bb00e429620a1f
      size: 28026
    - path: reports/train_eval_metrics.json
      hash: md5
      md5: c7e10478942c2c5167dd1e17140880c3
      size: 445
  test:
    cmd: ./.venv/bin/python scripts/test_trained_model.py --params params.yaml
    deps:
    - path: data/splits/test.csv
      hash: md5
      md5: 68d47bd43d77ec0348d2a8f45f25aaeb
      size: 11850
    - path: models/exp_model.pkl
      hash: md5
      md5: ea014517a09a9dff14cc136454945d5b
      size: 360106
    - path: params.yaml
      hash: md5
      md5: 9a5248af83da6e082929d31d79bd8d6a
      size: 1234
    - path: scripts/test_trained_model.py
      hash: md5
      md5: 272e7fd3fbd47b728d3d76e864db0559
      size: 2756
    params:
      params.yaml:
        train:
          seed: 42
          target_col: quality
          id_col: Id
          paths:
            train: data/splits/train.csv
            eval: data/splits/eval.csv
            test: data/splits/test.csv
            model: models/exp_model.pkl
            meta: models/exp_model_meta.json
            train_eval_metrics: reports/train_eval_metrics.json
            test_metrics: reports/test_metrics.json
            predictions: reports/predictions.csv
            test_predictions: reports/test_predictions.csv
          model_type: gbr
          standardize: false
          linear:
            fit_intercept: true
          ridge:
            alpha: 10.0
          lasso:
            alpha: 0.01
          elasticnet:
            alpha: 0.01
            l1_ratio: 0.2
          svr:
            kernel: rbf
            c: 10.0
            epsilon: 0.1
            gamma: scale
          knn:
            n_neighbors: 15
            weights: distance
          rf:
            n_estimators: 1500
            max_depth: 20
            min_samples_split: 2
            random_state: 42
          extra_trees:
            n_estimators: 1500
            max_depth: 7
            min_samples_split: 2
            random_state: 42
          gbr:
            n_estimators: 300
            learning_rate: 0.05
            max_depth: 3
            random_state: 42
          hgb:
            max_iter: 400
            learning_rate: 0.05
            max_depth: 6
            random_state: 42
    outs:
    - path: reports/test_metrics.json
      hash: md5
      md5: ddd340a336fd7bcab01fb197023d419a
      size: 149
    - path: reports/test_predictions.csv
      hash: md5
      md5: 9226a46901cc233d54012c3c82706ab7
      size: 4837
