schema: '2.0'
stages:
  train:
    cmd: ./.venv/bin/python scripts/train_model.py --params params.yaml
    deps:
    - path: data/splits/eval.csv
      hash: md5
      md5: db2fa252fb57f512814dfa8e63a29ead
      size: 11854
    - path: data/splits/train.csv
      hash: md5
      md5: bf292e3eec1ab27a1f7df938d5768cfd
      size: 54653
    - path: params.yaml
      hash: md5
      md5: c3ad44e814afa8e78783a33d05320241
      size: 1236
    - path: scripts/train_model.py
      hash: md5
      md5: dd7e46b75fcbe6dae91e0e663f2bef83
      size: 6975
    - path: src/wine_quality_epml/experiments/tracking.py
      hash: md5
      md5: 706ca80f6dd3d9cf52218abc1ea57806
      size: 2076
    params:
      params.yaml:
        train:
          seed: 42
          target_col: quality
          id_col: Id
          paths:
            train: data/splits/train.csv
            eval: data/splits/eval.csv
            test: data/splits/test.csv
            model: models/exp_model.pkl
            meta: models/exp_model_meta.json
            train_eval_metrics: reports/train_eval_metrics.json
            test_metrics: reports/test_metrics.json
            predictions: reports/predictions.csv
            test_predictions: reports/test_predictions.csv
          model_type: lasso
          standardize: false
          linear:
            fit_intercept: true
          ridge:
            alpha: 10.0
          lasso:
            alpha: 0.01
          elasticnet:
            alpha: 0.01
            l1_ratio: 0.2
          svr:
            kernel: rbf
            c: 10.0
            epsilon: 0.1
            gamma: scale
          knn:
            n_neighbors: 15
            weights: distance
          rf:
            n_estimators: 1500
            max_depth: 20
            min_samples_split: 2
            random_state: 42
          extra_trees:
            n_estimators: 500
            max_depth: 12
            min_samples_split: 2
            random_state: 42
          gbr:
            n_estimators: 500
            learning_rate: 0.05
            max_depth: 3
            random_state: 42
          hgb:
            max_iter: 400
            learning_rate: 0.05
            max_depth: 6
            random_state: 42
    outs:
    - path: models/exp_model.pkl
      hash: md5
      md5: aa406e1a854277bbedad82424b93aece
      size: 720
    - path: models/exp_model_meta.json
      hash: md5
      md5: 03a16dd042c44092e1d894e1f6fa3339
      size: 578
    - path: reports/predictions.csv
      hash: md5
      md5: a44fee9fd83d678c647345fbc7838d9f
      size: 28031
    - path: reports/train_eval_metrics.json
      hash: md5
      md5: a324808df943ac2e6bd91311ed3db8b8
      size: 448
  test:
    cmd: ./.venv/bin/python scripts/test_trained_model.py --params params.yaml
    deps:
    - path: data/splits/test.csv
      hash: md5
      md5: 68d47bd43d77ec0348d2a8f45f25aaeb
      size: 11850
    - path: models/exp_model.pkl
      hash: md5
      md5: aa406e1a854277bbedad82424b93aece
      size: 720
    - path: params.yaml
      hash: md5
      md5: c3ad44e814afa8e78783a33d05320241
      size: 1236
    - path: scripts/test_trained_model.py
      hash: md5
      md5: 272e7fd3fbd47b728d3d76e864db0559
      size: 2756
    params:
      params.yaml:
        train:
          seed: 42
          target_col: quality
          id_col: Id
          paths:
            train: data/splits/train.csv
            eval: data/splits/eval.csv
            test: data/splits/test.csv
            model: models/exp_model.pkl
            meta: models/exp_model_meta.json
            train_eval_metrics: reports/train_eval_metrics.json
            test_metrics: reports/test_metrics.json
            predictions: reports/predictions.csv
            test_predictions: reports/test_predictions.csv
          model_type: lasso
          standardize: false
          linear:
            fit_intercept: true
          ridge:
            alpha: 10.0
          lasso:
            alpha: 0.01
          elasticnet:
            alpha: 0.01
            l1_ratio: 0.2
          svr:
            kernel: rbf
            c: 10.0
            epsilon: 0.1
            gamma: scale
          knn:
            n_neighbors: 15
            weights: distance
          rf:
            n_estimators: 1500
            max_depth: 20
            min_samples_split: 2
            random_state: 42
          extra_trees:
            n_estimators: 500
            max_depth: 12
            min_samples_split: 2
            random_state: 42
          gbr:
            n_estimators: 500
            learning_rate: 0.05
            max_depth: 3
            random_state: 42
          hgb:
            max_iter: 400
            learning_rate: 0.05
            max_depth: 6
            random_state: 42
    outs:
    - path: reports/test_metrics.json
      hash: md5
      md5: acdeb1c4b9505712a63f5a029adb0b47
      size: 150
    - path: reports/test_predictions.csv
      hash: md5
      md5: 82595e33e6e9f3345eec6ddd2a1b4507
      size: 4849
